{
  "requires": true,
  "lockfileVersion": 1,
  "dependencies": {
    "commander": {
      "version": "8.3.0",
      "resolved": "https://registry.npmjs.org/commander/-/commander-8.3.0.tgz",
      "integrity": "sha512-OkTL9umf+He2DZkUq8f8J9of7yL6RJKI24dVITBmNfZBmri9zYZQrKkuXiKhyfPSu8tUhnVBB1iKXevvnlR4Ww=="
    },
    "katex": {
      "version": "0.16.0",
      "resolved": "https://registry.npmjs.org/katex/-/katex-0.16.0.tgz",
      "integrity": "sha512-wPRB4iUPysfH97wTgG5/tRLYxmKVq6Q4jRAWRVOUxXB1dsiv4cvcNjqabHkrOvJHM1Bpk3WrgmllSO1vIvP24w==",
      "requires": {
        "commander": "^8.0.0"
      }
    },
    "marked": {
      "version": "4.0.18",
      "resolved": "https://registry.npmjs.org/marked/-/marked-4.0.18.tgz",
      "integrity": "sha512-wbLDJ7Zh0sqA0Vdg6aqlbT+yPxqLblpAZh1mK2+AO2twQkPywvvqQNfEPVwSSRjZ7dZcdeVBIAgiO7MMp3Dszw=="
    }
  }
}
